
Microsoft Visual Studio Solution File, Format Version 12.00
# Visual Studio Version 17
VisualStudioVersion = 17.0.31912.275
MinimumVisualStudioVersion = 10.0.40219.1
Project("{9A19103F-16F7-4668-BE54-9A1E7A4F7556}") = "WebApi", "WebApi\WebApi.csproj", "{2514E4A8-3796-4A97-B6AC-F950635938ED}"
EndProject
Project("{9A19103F-16F7-4668-BE54-9A1E7A4F7556}") = "Core", "Core\Core.csproj", "{5E942E29-3ADE-4679-9EB8-4992755FF7B7}"
EndProject
Project("{9A19103F-16F7-4668-BE54-9A1E7A4F7556}") = "DataStore.EF", "DataStore.EF\DataStore.EF.csproj", "{604E99D0-C51A-4F0F-9A08-4660D0351E7E}"
EndProject
Project("{9A19103F-16F7-4668-BE54-9A1E7A4F7556}") = "WebApp", "WebApp\WebApp.csproj", "{AAE4ECA1-42EA-49FF-897A-8FD96C0FD89C}"
EndProject
Project("{9A19103F-16F7-4668-BE54-9A1E7A4F7556}") = "MyApp.ApplicationLogic", "MyApp.ApplicationLogic\MyApp.ApplicationLogic.csproj", "{04790FE1-D049-4558-99E0-C14619CEC816}"
EndProject
Project("{9A19103F-16F7-4668-BE54-9A1E7A4F7556}") = "MyApp.Repository", "MyApp.Repository\MyApp.Repository.csproj", "{7D22F14A-A9E0-4297-B6BC-4BD42D57B111}"
EndProject
Project("{9A19103F-16F7-4668-BE54-9A1E7A4F7556}") = "MyApp.Testing.Console", "MyApp.Testing.Console\MyApp.Testing.Console.csproj", "{8CA1A3C8-90B4-40F1-A7D6-889BF9963B79}"
EndProject
Global
	GlobalSection(SolutionConfigurationPlatforms) = preSolution
		Debug|Any CPU = Debug|Any CPU
		Debug|x64 = Debug|x64
		Debug|x86 = Debug|x86
		Release|Any CPU = Release|Any CPU
		Release|x64 = Release|x64
		Release|x86 = Release|x86
	EndGlobalSection
	GlobalSection(ProjectConfigurationPlatforms) = postSolution
		{2514E4A8-3796-4A97-B6AC-F950635938ED}.Debug|Any CPU.ActiveCfg = Debug|Any CPU
		{2514E4A8-3796-4A97-B6AC-F950635938ED}.Debug|Any CPU.Build.0 = Debug|Any CPU
		{2514E4A8-3796-4A97-B6AC-F950635938ED}.Debug|x64.ActiveCfg = Debug|Any CPU
		{2514E4A8-3796-4A97-B6AC-F950635938ED}.Debug|x64.Build.0 = Debug|Any CPU
		{2514E4A8-3796-4A97-B6AC-F950635938ED}.Debug|x86.ActiveCfg = Debug|Any CPU
		{2514E4A8-3796-4A97-B6AC-F950635938ED}.Debug|x86.Build.0 = Debug|Any CPU
		{2514E4A8-3796-4A97-B6AC-F950635938ED}.Release|Any CPU.ActiveCfg = Release|Any CPU
		{2514E4A8-3796-4A97-B6AC-F950635938ED}.Release|Any CPU.Build.0 = Release|Any CPU
		{2514E4A8-3796-4A97-B6AC-F950635938ED}.Release|x64.ActiveCfg = Release|Any CPU
		{2514E4A8-3796-4A97-B6AC-F950635938ED}.Release|x64.Build.0 = Release|Any CPU
		{2514E4A8-3796-4A97-B6AC-F950635938ED}.Release|x86.ActiveCfg = Release|Any CPU
		{2514E4A8-3796-4A97-B6AC-F950635938ED}.Release|x86.Build.0 = Release|Any CPU
		{5E942E29-3ADE-4679-9EB8-4992755FF7B7}.Debug|Any CPU.ActiveCfg = Debug|Any CPU
		{5E942E29-3ADE-4679-9EB8-4992755FF7B7}.Debug|Any CPU.Build.0 = Debug|Any CPU
		{5E942E29-3ADE-4679-9EB8-4992755FF7B7}.Debug|x64.ActiveCfg = Debug|Any CPU
		{5E942E29-3ADE-4679-9EB8-4992755FF7B7}.Debug|x64.Build.0 = Debug|Any CPU
		{5E942E29-3ADE-4679-9EB8-4992755FF7B7}.Debug|x86.ActiveCfg = Debug|Any CPU
		{5E942E29-3ADE-4679-9EB8-4992755FF7B7}.Debug|x86.Build.0 = Debug|Any CPU
		{5E942E29-3ADE-4679-9EB8-4992755FF7B7}.Release|Any CPU.ActiveCfg = Release|Any CPU
		{5E942E29-3ADE-4679-9EB8-4992755FF7B7}.Release|Any CPU.Build.0 = Release|Any CPU
		{5E942E29-3ADE-4679-9EB8-4992755FF7B7}.Release|x64.ActiveCfg = Release|Any CPU
		{5E942E29-3ADE-4679-9EB8-4992755FF7B7}.Release|x64.Build.0 = Release|Any CPU
		{5E942E29-3ADE-4679-9EB8-4992755FF7B7}.Release|x86.ActiveCfg = Release|Any CPU
		{5E942E29-3ADE-4679-9EB8-4992755FF7B7}.Release|x86.Build.0 = Release|Any CPU
		{604E99D0-C51A-4F0F-9A08-4660D0351E7E}.Debug|Any CPU.ActiveCfg = Debug|Any CPU
		{604E99D0-C51A-4F0F-9A08-4660D0351E7E}.Debug|Any CPU.Build.0 = Debug|Any CPU
		{604E99D0-C51A-4F0F-9A08-4660D0351E7E}.Debug|x64.ActiveCfg = Debug|Any CPU
		{604E99D0-C51A-4F0F-9A08-4660D0351E7E}.Debug|x64.Build.0 = Debug|Any CPU
		{604E99D0-C51A-4F0F-9A08-4660D0351E7E}.Debug|x86.ActiveCfg = Debug|Any CPU
		{604E99D0-C51A-4F0F-9A08-4660D0351E7E}.Debug|x86.Build.0 = Debug|Any CPU
		{604E99D0-C51A-4F0F-9A08-4660D0351E7E}.Release|Any CPU.ActiveCfg = Release|Any CPU
		{604E99D0-C51A-4F0F-9A08-4660D0351E7E}.Release|Any CPU.Build.0 = Release|Any CPU
		{604E99D0-C51A-4F0F-9A08-4660D0351E7E}.Release|x64.ActiveCfg = Release|Any CPU
		{604E99D0-C51A-4F0F-9A08-4660D0351E7E}.Release|x64.Build.0 = Release|Any CPU
		{604E99D0-C51A-4F0F-9A08-4660D0351E7E}.Release|x86.ActiveCfg = Release|Any CPU
		{604E99D0-C51A-4F0F-9A08-4660D0351E7E}.Release|x86.Build.0 = Release|Any CPU
		{AAE4ECA1-42EA-49FF-897A-8FD96C0FD89C}.Debug|Any CPU.ActiveCfg = Debug|Any CPU
		{AAE4ECA1-42EA-49FF-897A-8FD96C0FD89C}.Debug|Any CPU.Build.0 = Debug|Any CPU
		{AAE4ECA1-42EA-49FF-897A-8FD96C0FD89C}.Debug|x64.ActiveCfg = Debug|Any CPU
		{AAE4ECA1-42EA-49FF-897A-8FD96C0FD89C}.Debug|x64.Build.0 = Debug|Any CPU
		{AAE4ECA1-42EA-49FF-897A-8FD96C0FD89C}.Debug|x86.ActiveCfg = Debug|Any CPU
		{AAE4ECA1-42EA-49FF-897A-8FD96C0FD89C}.Debug|x86.Build.0 = Debug|Any CPU
		{AAE4ECA1-42EA-49FF-897A-8FD96C0FD89C}.Release|Any CPU.ActiveCfg = Release|Any CPU
		{AAE4ECA1-42EA-49FF-897A-8FD96C0FD89C}.Release|Any CPU.Build.0 = Release|Any CPU
		{AAE4ECA1-42EA-49FF-897A-8FD96C0FD89C}.Release|x64.ActiveCfg = Release|Any CPU
		{AAE4ECA1-42EA-49FF-897A-8FD96C0FD89C}.Release|x64.Build.0 = Release|Any CPU
		{AAE4ECA1-42EA-49FF-897A-8FD96C0FD89C}.Release|x86.ActiveCfg = Release|Any CPU
		{AAE4ECA1-42EA-49FF-897A-8FD96C0FD89C}.Release|x86.Build.0 = Release|Any CPU
		{04790FE1-D049-4558-99E0-C14619CEC816}.Debug|Any CPU.ActiveCfg = Debug|Any CPU
		{04790FE1-D049-4558-99E0-C14619CEC816}.Debug|Any CPU.Build.0 = Debug|Any CPU
		{04790FE1-D049-4558-99E0-C14619CEC816}.Debug|x64.ActiveCfg = Debug|Any CPU
		{04790FE1-D049-4558-99E0-C14619CEC816}.Debug|x64.Build.0 = Debug|Any CPU
		{04790FE1-D049-4558-99E0-C14619CEC816}.Debug|x86.ActiveCfg = Debug|Any CPU
		{04790FE1-D049-4558-99E0-C14619CEC816}.Debug|x86.Build.0 = Debug|Any CPU
		{04790FE1-D049-4558-99E0-C14619CEC816}.Release|Any CPU.ActiveCfg = Release|Any CPU
		{04790FE1-D049-4558-99E0-C14619CEC816}.Release|Any CPU.Build.0 = Release|Any CPU
		{04790FE1-D049-4558-99E0-C14619CEC816}.Release|x64.ActiveCfg = Release|Any CPU
		{04790FE1-D049-4558-99E0-C14619CEC816}.Release|x64.Build.0 = Release|Any CPU
		{04790FE1-D049-4558-99E0-C14619CEC816}.Release|x86.ActiveCfg = Release|Any CPU
		{04790FE1-D049-4558-99E0-C14619CEC816}.Release|x86.Build.0 = Release|Any CPU
		{7D22F14A-A9E0-4297-B6BC-4BD42D57B111}.Debug|Any CPU.ActiveCfg = Debug|Any CPU
		{7D22F14A-A9E0-4297-B6BC-4BD42D57B111}.Debug|Any CPU.Build.0 = Debug|Any CPU
		{7D22F14A-A9E0-4297-B6BC-4BD42D57B111}.Debug|x64.ActiveCfg = Debug|Any CPU
		{7D22F14A-A9E0-4297-B6BC-4BD42D57B111}.Debug|x64.Build.0 = Debug|Any CPU
		{7D22F14A-A9E0-4297-B6BC-4BD42D57B111}.Debug|x86.ActiveCfg = Debug|Any CPU
		{7D22F14A-A9E0-4297-B6BC-4BD42D57B111}.Debug|x86.Build.0 = Debug|Any CPU
		{7D22F14A-A9E0-4297-B6BC-4BD42D57B111}.Release|Any CPU.ActiveCfg = Release|Any CPU
		{7D22F14A-A9E0-4297-B6BC-4BD42D57B111}.Release|Any CPU.Build.0 = Release|Any CPU
		{7D22F14A-A9E0-4297-B6BC-4BD42D57B111}.Release|x64.ActiveCfg = Release|Any CPU
		{7D22F14A-A9E0-4297-B6BC-4BD42D57B111}.Release|x64.Build.0 = Release|Any CPU
		{7D22F14A-A9E0-4297-B6BC-4BD42D57B111}.Release|x86.ActiveCfg = Release|Any CPU
		{7D22F14A-A9E0-4297-B6BC-4BD42D57B111}.Release|x86.Build.0 = Release|Any CPU
		{8CA1A3C8-90B4-40F1-A7D6-889BF9963B79}.Debug|Any CPU.ActiveCfg = Debug|Any CPU
		{8CA1A3C8-90B4-40F1-A7D6-889BF9963B79}.Debug|Any CPU.Build.0 = Debug|Any CPU
		{8CA1A3C8-90B4-40F1-A7D6-889BF9963B79}.Debug|x64.ActiveCfg = Debug|Any CPU
		{8CA1A3C8-90B4-40F1-A7D6-889BF9963B79}.Debug|x64.Build.0 = Debug|Any CPU
		{8CA1A3C8-90B4-40F1-A7D6-889BF9963B79}.Debug|x86.ActiveCfg = Debug|Any CPU
		{8CA1A3C8-90B4-40F1-A7D6-889BF9963B79}.Debug|x86.Build.0 = Debug|Any CPU
		{8CA1A3C8-90B4-40F1-A7D6-889BF9963B79}.Release|Any CPU.ActiveCfg = Release|Any CPU
		{8CA1A3C8-90B4-40F1-A7D6-889BF9963B79}.Release|Any CPU.Build.0 = Release|Any CPU
		{8CA1A3C8-90B4-40F1-A7D6-889BF9963B79}.Release|x64.ActiveCfg = Release|Any CPU
		{8CA1A3C8-90B4-40F1-A7D6-889BF9963B79}.Release|x64.Build.0 = Release|Any CPU
		{8CA1A3C8-90B4-40F1-A7D6-889BF9963B79}.Release|x86.ActiveCfg = Release|Any CPU
		{8CA1A3C8-90B4-40F1-A7D6-889BF9963B79}.Release|x86.Build.0 = Release|Any CPU
	EndGlobalSection
	GlobalSection(SolutionProperties) = preSolution
		HideSolutionNode = FALSE
	EndGlobalSection
	GlobalSection(ExtensibilityGlobals) = postSolution
		SolutionGuid = {4F5485A9-BD92-4EB2-B7E9-AD9A990E5743}
	EndGlobalSection
EndGlobal
